
Microsoft Visual Studio Solution File, Format Version 12.00
# Visual Studio 15
VisualStudioVersion = 15.0.27130.2020
MinimumVisualStudioVersion = 10.0.40219.1
Project("{FAE04EC0-301F-11D3-BF4B-00C04F79EFBC}") = "TriviaCardReader", "TriviaCardReader\TriviaCardReader.csproj", "{3A377E48-9A1E-44A1-9237-055EC0DE4C45}"
EndProject
Global
	GlobalSection(SolutionConfigurationPlatforms) = preSolution
		Debug|Any CPU = Debug|Any CPU
		Release|Any CPU = Release|Any CPU
	EndGlobalSection
	GlobalSection(ProjectConfigurationPlatforms) = postSolution
		{3A377E48-9A1E-44A1-9237-055EC0DE4C45}.Debug|Any CPU.ActiveCfg = Debug|Any CPU
		{3A377E48-9A1E-44A1-9237-055EC0DE4C45}.Debug|Any CPU.Build.0 = Debug|Any CPU
		{3A377E48-9A1E-44A1-9237-055EC0DE4C45}.Release|Any CPU.ActiveCfg = Release|Any CPU
		{3A377E48-9A1E-44A1-9237-055EC0DE4C45}.Release|Any CPU.Build.0 = Release|Any CPU
	EndGlobalSection
	GlobalSection(SolutionProperties) = preSolution
		HideSolutionNode = FALSE
	EndGlobalSection
	GlobalSection(ExtensibilityGlobals) = postSolution
		SolutionGuid = {7742629E-CF04-46EA-A22C-BCAFE548BF4C}
	EndGlobalSection
EndGlobal
